{
  "requires": true,
  "lockfileVersion": 1,
  "dependencies": {
    "parser-wxapp": {
      "version": "1.3.5",
      "resolved": "https://registry.npmjs.org/parser-wxapp/-/parser-wxapp-1.3.5.tgz",
      "integrity": "sha512-MYVTwl+uVyOe4Us+RSGkbkpuZkRqBKb79YoKcV4ISAdW/xnu5JZ5Ep4dUmClWz2roEmW4+Phtt+0Atmn2OX4gg=="
    }
  }
}
